%{
  "ash": {:hex, :ash, "2.4.1", "51c6968fec4980c44c3bc667935b4790a246a16eb1581365e3ede3c6f3bdb51b", [:mix], [{:comparable, "~> 1.0", [hex: :comparable, repo: "hexpm", optional: false]}, {:decimal, "~> 2.0", [hex: :decimal, repo: "hexpm", optional: false]}, {:earmark, "~> 1.4", [hex: :earmark, repo: "hexpm", optional: true]}, {:ecto, "~> 3.7", [hex: :ecto, repo: "hexpm", optional: false]}, {:ets, "~> 0.8.0", [hex: :ets, repo: "hexpm", optional: false]}, {:jason, ">= 1.0.0", [hex: :jason, repo: "hexpm", optional: false]}, {:nimble_options, "~> 0.4.0", [hex: :nimble_options, repo: "hexpm", optional: false]}, {:picosat_elixir, "~> 0.2", [hex: :picosat_elixir, repo: "hexpm", optional: false]}, {:spark, ">= 0.2.0", [hex: :spark, repo: "hexpm", optional: false]}, {:stream_data, "~> 0.5.0", [hex: :stream_data, repo: "hexpm", optional: false]}, {:telemetry, "~> 1.1", [hex: :telemetry, repo: "hexpm", optional: false]}], "hexpm", "0b0ba024e26bd07bf48fdda20e5dc3f100dba14c8259e99e48131cd088acf234"},
  "ash_admin": {:hex, :ash_admin, "0.7.0", "ec70f37ee34256c48c65550b8386e6df31923fa20a933707623e1b400465d64c", [:mix], [{:ash, "~> 2.0", [hex: :ash, repo: "hexpm", optional: false]}, {:ash_phoenix, "~> 1.1", [hex: :ash_phoenix, repo: "hexpm", optional: false]}, {:jason, "~> 1.0", [hex: :jason, repo: "hexpm", optional: false]}, {:phoenix_html, "~> 3.2", [hex: :phoenix_html, repo: "hexpm", optional: false]}, {:phoenix_live_view, "~> 0.18", [hex: :phoenix_live_view, repo: "hexpm", optional: false]}, {:surface, "~> 0.9.1", [hex: :surface, repo: "hexpm", optional: false]}], "hexpm", "4a4aec2f00bf28d9b886b46771b3213547b1194b229b6f9205d4f11f07357427"},
  "ash_json_api": {:hex, :ash_json_api, "0.30.1", "54e60c4862eee35ed8a9a925e5c99be2b80e36a2507355bdb0f0974defe82a8d", [:mix], [{:ash, "~> 2.0", [hex: :ash, repo: "hexpm", optional: false]}, {:jason, "~> 1.1", [hex: :jason, repo: "hexpm", optional: false]}, {:json_xema, "~> 0.4.0", [hex: :json_xema, repo: "hexpm", optional: false]}, {:plug, "~> 1.11", [hex: :plug, repo: "hexpm", optional: false]}], "hexpm", "b8b4827aa02de75a9a48d2941e813947da46b7dbfdd84cd20959dbaec103f830"},
  "ash_phoenix": {:hex, :ash_phoenix, "1.1.2", "36c46852fa0e739d7217092ac71e3a72e729d5c00758f401234215d8d32f350b", [:mix], [{:ash, "~> 2.0", [hex: :ash, repo: "hexpm", optional: false]}, {:phoenix, "~> 1.5.6 or ~> 1.6", [hex: :phoenix, repo: "hexpm", optional: false]}, {:phoenix_html, "~> 2.14 or ~> 3.0", [hex: :phoenix_html, repo: "hexpm", optional: false]}, {:phoenix_live_view, "~> 0.15", [hex: :phoenix_live_view, repo: "hexpm", optional: false]}], "hexpm", "9afb2c9e8dbb68d3549713b4a96b56801c250489efdf4776b931770bd629e0bd"},
  "ash_postgres": {:hex, :ash_postgres, "1.1.1", "2bbc2b39d9e387f89b964b29b042f88dd352b71e486d9aea7f9390ab1db3ced4", [:mix], [{:ash, "~> 2.1", [hex: :ash, repo: "hexpm", optional: false]}, {:ecto, "~> 3.9", [hex: :ecto, repo: "hexpm", optional: false]}, {:ecto_sql, "~> 3.9", [hex: :ecto_sql, repo: "hexpm", optional: false]}, {:jason, "~> 1.0", [hex: :jason, repo: "hexpm", optional: false]}, {:postgrex, ">= 0.0.0", [hex: :postgrex, repo: "hexpm", optional: false]}], "hexpm", "fe47a6e629b6b23ce17c1d70b1bd4b3fd732df513b67126514fb88be86a6439e"},
  "castore": {:hex, :castore, "0.1.18", "deb5b9ab02400561b6f5708f3e7660fc35ca2d51bfc6a940d2f513f89c2975fc", [:mix], [], "hexpm", "61bbaf6452b782ef80b33cdb45701afbcf0a918a45ebe7e73f1130d661e66a06"},
  "comparable": {:hex, :comparable, "1.0.0", "bb669e91cedd14ae9937053e5bcbc3c52bb2f22422611f43b6e38367d94a495f", [:mix], [{:typable, "~> 0.1", [hex: :typable, repo: "hexpm", optional: false]}], "hexpm", "277c11eeb1cd726e7cd41c6c199e7e52fa16ee6830b45ad4cdc62e51f62eb60c"},
  "connection": {:hex, :connection, "1.1.0", "ff2a49c4b75b6fb3e674bfc5536451607270aac754ffd1bdfe175abe4a6d7a68", [:mix], [], "hexpm", "722c1eb0a418fbe91ba7bd59a47e28008a189d47e37e0e7bb85585a016b2869c"},
  "conv_case": {:hex, :conv_case, "0.2.3", "c1455c27d3c1ffcdd5f17f1e91f40b8a0bc0a337805a6e8302f441af17118ed8", [:mix], [], "hexpm", "88f29a3d97d1742f9865f7e394ed3da011abb7c5e8cc104e676fdef6270d4b4a"},
  "cowboy": {:hex, :cowboy, "2.9.0", "865dd8b6607e14cf03282e10e934023a1bd8be6f6bacf921a7e2a96d800cd452", [:make, :rebar3], [{:cowlib, "2.11.0", [hex: :cowlib, repo: "hexpm", optional: false]}, {:ranch, "1.8.0", [hex: :ranch, repo: "hexpm", optional: false]}], "hexpm", "2c729f934b4e1aa149aff882f57c6372c15399a20d54f65c8d67bef583021bde"},
  "cowboy_telemetry": {:hex, :cowboy_telemetry, "0.4.0", "f239f68b588efa7707abce16a84d0d2acf3a0f50571f8bb7f56a15865aae820c", [:rebar3], [{:cowboy, "~> 2.7", [hex: :cowboy, repo: "hexpm", optional: false]}, {:telemetry, "~> 1.0", [hex: :telemetry, repo: "hexpm", optional: false]}], "hexpm", "7d98bac1ee4565d31b62d59f8823dfd8356a169e7fcbb83831b8a5397404c9de"},
  "cowlib": {:hex, :cowlib, "2.11.0", "0b9ff9c346629256c42ebe1eeb769a83c6cb771a6ee5960bd110ab0b9b872063", [:make, :rebar3], [], "hexpm", "2b3e9da0b21c4565751a6d4901c20d1b4cc25cbb7fd50d91d2ab6dd287bc86a9"},
  "db_connection": {:hex, :db_connection, "2.4.2", "f92e79aff2375299a16bcb069a14ee8615c3414863a6fef93156aee8e86c2ff3", [:mix], [{:connection, "~> 1.0", [hex: :connection, repo: "hexpm", optional: false]}, {:telemetry, "~> 0.4 or ~> 1.0", [hex: :telemetry, repo: "hexpm", optional: false]}], "hexpm", "4fe53ca91b99f55ea249693a0229356a08f4d1a7931d8ffa79289b145fe83668"},
  "decimal": {:hex, :decimal, "2.0.0", "a78296e617b0f5dd4c6caf57c714431347912ffb1d0842e998e9792b5642d697", [:mix], [], "hexpm", "34666e9c55dea81013e77d9d87370fe6cb6291d1ef32f46a1600230b1d44f577"},
  "docsh": {:hex, :docsh, "0.7.2", "f893d5317a0e14269dd7fe79cf95fb6b9ba23513da0480ec6e77c73221cae4f2", [:rebar3], [{:providers, "1.8.1", [hex: :providers, repo: "hexpm", optional: false]}], "hexpm", "4e7db461bb07540d2bc3d366b8513f0197712d0495bb85744f367d3815076134"},
  "ecto": {:hex, :ecto, "3.9.1", "67173b1687afeb68ce805ee7420b4261649d5e2deed8fe5550df23bab0bc4396", [:mix], [{:decimal, "~> 1.6 or ~> 2.0", [hex: :decimal, repo: "hexpm", optional: false]}, {:jason, "~> 1.0", [hex: :jason, repo: "hexpm", optional: true]}, {:telemetry, "~> 0.4 or ~> 1.0", [hex: :telemetry, repo: "hexpm", optional: false]}], "hexpm", "c80bb3d736648df790f7f92f81b36c922d9dd3203ca65be4ff01d067f54eb304"},
  "ecto_sql": {:hex, :ecto_sql, "3.9.0", "2bb21210a2a13317e098a420a8c1cc58b0c3421ab8e3acfa96417dab7817918c", [:mix], [{:db_connection, "~> 2.4.1 or ~> 2.5", [hex: :db_connection, repo: "hexpm", optional: false]}, {:ecto, "~> 3.9.0", [hex: :ecto, repo: "hexpm", optional: false]}, {:myxql, "~> 0.6.0", [hex: :myxql, repo: "hexpm", optional: true]}, {:postgrex, "~> 0.16.0 or ~> 1.0", [hex: :postgrex, repo: "hexpm", optional: true]}, {:tds, "~> 2.1.1 or ~> 2.2", [hex: :tds, repo: "hexpm", optional: true]}, {:telemetry, "~> 0.4.0 or ~> 1.0", [hex: :telemetry, repo: "hexpm", optional: false]}], "hexpm", "a8f3f720073b8b1ac4c978be25fa7960ed7fd44997420c304a4a2e200b596453"},
  "elixir_make": {:hex, :elixir_make, "0.6.3", "bc07d53221216838d79e03a8019d0839786703129599e9619f4ab74c8c096eac", [:mix], [], "hexpm", "f5cbd651c5678bcaabdbb7857658ee106b12509cd976c2c2fca99688e1daf716"},
  "elixir_sense": {:git, "https://github.com/elixir-lsp/elixir_sense.git", "17e3850062a40af6ca310b4485ecfead18181177", []},
  "esbuild": {:hex, :esbuild, "0.5.0", "d5bb08ff049d7880ee3609ed5c4b864bd2f46445ea40b16b4acead724fb4c4a3", [:mix], [{:castore, ">= 0.0.0", [hex: :castore, repo: "hexpm", optional: false]}], "hexpm", "f183a0b332d963c4cfaf585477695ea59eef9a6f2204fdd0efa00e099694ffe5"},
  "ets": {:hex, :ets, "0.8.1", "8ff9bcda5682b98493f8878fc9dbd990e48d566cba8cce59f7c2a78130da29ea", [:mix], [], "hexpm", "6be41b50adb5bc5c43626f25ea2d0af1f4a242fb3fad8d53f0c67c20b78915cc"},
  "file_system": {:hex, :file_system, "0.2.10", "fb082005a9cd1711c05b5248710f8826b02d7d1784e7c3451f9c1231d4fc162d", [:mix], [], "hexpm", "41195edbfb562a593726eda3b3e8b103a309b733ad25f3d642ba49696bf715dc"},
  "floki": {:hex, :floki, "0.33.1", "f20f1eb471e726342b45ccb68edb9486729e7df94da403936ea94a794f072781", [:mix], [{:html_entities, "~> 0.5.0", [hex: :html_entities, repo: "hexpm", optional: false]}], "hexpm", "461035fd125f13fdf30f243c85a0b1e50afbec876cbf1ceefe6fddd2e6d712c6"},
  "getopt": {:hex, :getopt, "1.0.1", "c73a9fa687b217f2ff79f68a3b637711bb1936e712b521d8ce466b29cbf7808a", [:rebar3], [], "hexpm", "53e1ab83b9ceb65c9672d3e7a35b8092e9bdc9b3ee80721471a161c10c59959c"},
  "gettext": {:hex, :gettext, "0.20.0", "75ad71de05f2ef56991dbae224d35c68b098dd0e26918def5bb45591d5c8d429", [:mix], [], "hexpm", "1c03b177435e93a47441d7f681a7040bd2a816ece9e2666d1c9001035121eb3d"},
  "html_entities": {:hex, :html_entities, "0.5.2", "9e47e70598da7de2a9ff6af8758399251db6dbb7eebe2b013f2bbd2515895c3c", [:mix], [], "hexpm", "c53ba390403485615623b9531e97696f076ed415e8d8058b1dbaa28181f4fdcc"},
  "jason": {:hex, :jason, "1.4.0", "e855647bc964a44e2f67df589ccf49105ae039d4179db7f6271dfd3843dc27e6", [:mix], [{:decimal, "~> 1.0 or ~> 2.0", [hex: :decimal, repo: "hexpm", optional: true]}], "hexpm", "79a3791085b2a0f743ca04cec0f7be26443738779d09302e01318f97bdb82121"},
  "json_xema": {:hex, :json_xema, "0.4.2", "85de190f597a98ce9da436b8a59c97ef561a6ab6017255df8b494babefd6fb10", [:mix], [{:conv_case, "~> 0.2", [hex: :conv_case, repo: "hexpm", optional: false]}, {:xema, "~> 0.11", [hex: :xema, repo: "hexpm", optional: false]}], "hexpm", "5516213758667d21669e0d63ea287238d277519527bac6c02140a5e34c1fda80"},
  "mime": {:hex, :mime, "2.0.3", "3676436d3d1f7b81b5a2d2bd8405f412c677558c81b1c92be58c00562bb59095", [:mix], [], "hexpm", "27a30bf0db44d25eecba73755acf4068cbfe26a4372f9eb3e4ea3a45956bff6b"},
  "nimble_options": {:hex, :nimble_options, "0.4.0", "c89babbab52221a24b8d1ff9e7d838be70f0d871be823165c94dd3418eea728f", [:mix], [], "hexpm", "e6701c1af326a11eea9634a3b1c62b475339ace9456c1a23ec3bc9a847bca02d"},
  "phoenix": {:hex, :phoenix, "1.6.15", "0a1d96bbc10747fd83525370d691953cdb6f3ccbac61aa01b4acb012474b047d", [:mix], [{:castore, ">= 0.0.0", [hex: :castore, repo: "hexpm", optional: false]}, {:jason, "~> 1.0", [hex: :jason, repo: "hexpm", optional: true]}, {:phoenix_pubsub, "~> 2.0", [hex: :phoenix_pubsub, repo: "hexpm", optional: false]}, {:phoenix_view, "~> 1.0 or ~> 2.0", [hex: :phoenix_view, repo: "hexpm", optional: false]}, {:plug, "~> 1.10", [hex: :plug, repo: "hexpm", optional: false]}, {:plug_cowboy, "~> 2.2", [hex: :plug_cowboy, repo: "hexpm", optional: true]}, {:plug_crypto, "~> 1.2", [hex: :plug_crypto, repo: "hexpm", optional: false]}, {:telemetry, "~> 0.4 or ~> 1.0", [hex: :telemetry, repo: "hexpm", optional: false]}], "hexpm", "d70ab9fbf6b394755ea88b644d34d79d8b146e490973151f248cacd122d20672"},
  "phoenix_ecto": {:hex, :phoenix_ecto, "4.4.0", "0672ed4e4808b3fbed494dded89958e22fb882de47a97634c0b13e7b0b5f7720", [:mix], [{:ecto, "~> 3.3", [hex: :ecto, repo: "hexpm", optional: false]}, {:phoenix_html, "~> 2.14.2 or ~> 3.0", [hex: :phoenix_html, repo: "hexpm", optional: true]}, {:plug, "~> 1.9", [hex: :plug, repo: "hexpm", optional: false]}], "hexpm", "09864e558ed31ee00bd48fcc1d4fc58ae9678c9e81649075431e69dbabb43cc1"},
  "phoenix_html": {:hex, :phoenix_html, "3.2.0", "1c1219d4b6cb22ac72f12f73dc5fad6c7563104d083f711c3fcd8551a1f4ae11", [:mix], [{:plug, "~> 1.5", [hex: :plug, repo: "hexpm", optional: true]}], "hexpm", "36ec97ba56d25c0136ef1992c37957e4246b649d620958a1f9fa86165f8bc54f"},
  "phoenix_live_dashboard": {:hex, :phoenix_live_dashboard, "0.7.2", "97cc4ff2dba1ebe504db72cb45098cb8e91f11160528b980bd282cc45c73b29c", [:mix], [{:ecto, "~> 3.6.2 or ~> 3.7", [hex: :ecto, repo: "hexpm", optional: true]}, {:ecto_mysql_extras, "~> 0.5", [hex: :ecto_mysql_extras, repo: "hexpm", optional: true]}, {:ecto_psql_extras, "~> 0.7", [hex: :ecto_psql_extras, repo: "hexpm", optional: true]}, {:mime, "~> 1.6 or ~> 2.0", [hex: :mime, repo: "hexpm", optional: false]}, {:phoenix_live_view, "~> 0.18.3", [hex: :phoenix_live_view, repo: "hexpm", optional: false]}, {:telemetry_metrics, "~> 0.6 or ~> 1.0", [hex: :telemetry_metrics, repo: "hexpm", optional: false]}], "hexpm", "0e5fdf063c7a3b620c566a30fcf68b7ee02e5e46fe48ee46a6ec3ba382dc05b7"},
  "phoenix_live_reload": {:hex, :phoenix_live_reload, "1.4.0", "4fe222c0be55fdc3f9c711e24955fc42a7cd9b7a2f5f406f2580a567c335a573", [:mix], [{:file_system, "~> 0.2.1 or ~> 0.3", [hex: :file_system, repo: "hexpm", optional: false]}, {:phoenix, "~> 1.4", [hex: :phoenix, repo: "hexpm", optional: false]}], "hexpm", "bebf0fc2d2113b61cb5968f585367234b7b4c21d963d691de7b4b2dc6cdaae6f"},
  "phoenix_live_view": {:hex, :phoenix_live_view, "0.18.3", "2e3d009422addf8b15c3dccc65ce53baccbe26f7cfd21d264680b5867789a9c1", [:mix], [{:jason, "~> 1.0", [hex: :jason, repo: "hexpm", optional: true]}, {:phoenix, "~> 1.6.15 or ~> 1.7.0", [hex: :phoenix, repo: "hexpm", optional: false]}, {:phoenix_html, "~> 3.1", [hex: :phoenix_html, repo: "hexpm", optional: false]}, {:phoenix_template, "~> 1.0", [hex: :phoenix_template, repo: "hexpm", optional: false]}, {:phoenix_view, "~> 2.0", [hex: :phoenix_view, repo: "hexpm", optional: true]}, {:telemetry, "~> 0.4.2 or ~> 1.0", [hex: :telemetry, repo: "hexpm", optional: false]}], "hexpm", "c8845177a866e017dcb7083365393c8f00ab061b8b6b2bda575891079dce81b2"},
  "phoenix_pubsub": {:hex, :phoenix_pubsub, "2.1.1", "ba04e489ef03763bf28a17eb2eaddc2c20c6d217e2150a61e3298b0f4c2012b5", [:mix], [], "hexpm", "81367c6d1eea5878ad726be80808eb5a787a23dee699f96e72b1109c57cdd8d9"},
  "phoenix_template": {:hex, :phoenix_template, "1.0.0", "c57bc5044f25f007dc86ab21895688c098a9f846a8dda6bc40e2d0ddc146e38f", [:mix], [{:phoenix_html, "~> 2.14.2 or ~> 3.0", [hex: :phoenix_html, repo: "hexpm", optional: true]}], "hexpm", "1b066f99a26fd22064c12b2600a9a6e56700f591bf7b20b418054ea38b4d4357"},
  "phoenix_view": {:hex, :phoenix_view, "2.0.1", "a653e3d9d944aace0a064e4a13ad473ffa68f7bc4ca42dbf83cc1d464f1fb295", [:mix], [{:phoenix_html, "~> 2.14.2 or ~> 3.0", [hex: :phoenix_html, repo: "hexpm", optional: true]}, {:phoenix_template, "~> 1.0", [hex: :phoenix_template, repo: "hexpm", optional: false]}], "hexpm", "6c358e2cefc5f341c728914b867c556bbfd239fed9e881bac257d70cb2b8a6f6"},
  "picosat_elixir": {:hex, :picosat_elixir, "0.2.2", "1cacfdb4fb0c3ead5e5e9b1e98ac822a777f07eab35e29c3f8fc7086de2bfb36", [:make, :mix], [{:elixir_make, "~> 0.6", [hex: :elixir_make, repo: "hexpm", optional: false]}], "hexpm", "9d0cc569552cca417abea8270a54b71153a63be4b951ff249e94642f1c0f35d1"},
  "plug": {:hex, :plug, "1.14.0", "ba4f558468f69cbd9f6b356d25443d0b796fbdc887e03fa89001384a9cac638f", [:mix], [{:mime, "~> 1.0 or ~> 2.0", [hex: :mime, repo: "hexpm", optional: false]}, {:plug_crypto, "~> 1.1.1 or ~> 1.2", [hex: :plug_crypto, repo: "hexpm", optional: false]}, {:telemetry, "~> 0.4.3 or ~> 1.0", [hex: :telemetry, repo: "hexpm", optional: false]}], "hexpm", "bf020432c7d4feb7b3af16a0c2701455cbbbb95e5b6866132cb09eb0c29adc14"},
  "plug_cowboy": {:hex, :plug_cowboy, "2.6.0", "d1cf12ff96a1ca4f52207c5271a6c351a4733f413803488d75b70ccf44aebec2", [:mix], [{:cowboy, "~> 2.7", [hex: :cowboy, repo: "hexpm", optional: false]}, {:cowboy_telemetry, "~> 0.3", [hex: :cowboy_telemetry, repo: "hexpm", optional: false]}, {:plug, "~> 1.14", [hex: :plug, repo: "hexpm", optional: false]}], "hexpm", "073cf20b753ce6682ed72905cd62a2d4bd9bad1bf9f7feb02a1b8e525bd94fa6"},
  "plug_crypto": {:hex, :plug_crypto, "1.2.3", "8f77d13aeb32bfd9e654cb68f0af517b371fb34c56c9f2b58fe3df1235c1251a", [:mix], [], "hexpm", "b5672099c6ad5c202c45f5a403f21a3411247f164e4a8fab056e5cd8a290f4a2"},
  "postgrex": {:hex, :postgrex, "0.16.5", "fcc4035cc90e23933c5d69a9cd686e329469446ef7abba2cf70f08e2c4b69810", [:mix], [{:connection, "~> 1.1", [hex: :connection, repo: "hexpm", optional: false]}, {:db_connection, "~> 2.1", [hex: :db_connection, repo: "hexpm", optional: false]}, {:decimal, "~> 1.5 or ~> 2.0", [hex: :decimal, repo: "hexpm", optional: false]}, {:jason, "~> 1.0", [hex: :jason, repo: "hexpm", optional: true]}, {:table, "~> 0.1.0", [hex: :table, repo: "hexpm", optional: true]}], "hexpm", "edead639dc6e882618c01d8fc891214c481ab9a3788dfe38dd5e37fd1d5fb2e8"},
  "providers": {:hex, :providers, "1.8.1", "70b4197869514344a8a60e2b2a4ef41ca03def43cfb1712ecf076a0f3c62f083", [:rebar3], [{:getopt, "1.0.1", [hex: :getopt, repo: "hexpm", optional: false]}], "hexpm", "e45745ade9c476a9a469ea0840e418ab19360dc44f01a233304e118a44486ba0"},
  "ranch": {:hex, :ranch, "1.8.0", "8c7a100a139fd57f17327b6413e4167ac559fbc04ca7448e9be9057311597a1d", [:make, :rebar3], [], "hexpm", "49fbcfd3682fab1f5d109351b61257676da1a2fdbe295904176d5e521a2ddfe5"},
  "sourceror": {:hex, :sourceror, "0.11.2", "549ce48be666421ac60cfb7f59c8752e0d393baa0b14d06271d3f6a8c1b027ab", [:mix], [], "hexpm", "9ab659118896a36be6eec68ff7b0674cba372fc8e210b1e9dc8cf2b55bb70dfb"},
  "spark": {:hex, :spark, "0.2.6", "84dbfe7153dc51f988a2b43f28031be87dee724d2ac535069d05807cfacde7c4", [:mix], [{:nimble_options, "~> 0.4.0", [hex: :nimble_options, repo: "hexpm", optional: false]}, {:sourceror, "~> 0.1", [hex: :sourceror, repo: "hexpm", optional: false]}], "hexpm", "f0fba891abc70d4e7431b3ed6283ee46ccd6e8045e0bfdce13bc06e8904bbd25"},
  "stream_data": {:hex, :stream_data, "0.5.0", "b27641e58941685c75b353577dc602c9d2c12292dd84babf506c2033cd97893e", [:mix], [], "hexpm", "012bd2eec069ada4db3411f9115ccafa38540a3c78c4c0349f151fc761b9e271"},
  "surface": {:hex, :surface, "0.9.1", "6a343564b1d6c17c619ac933cec5680ffe8c68f0cd2d85f780b70f6607750a96", [:mix], [{:jason, "~> 1.0", [hex: :jason, repo: "hexpm", optional: false]}, {:phoenix_live_view, "~> 0.18.0", [hex: :phoenix_live_view, repo: "hexpm", optional: false]}, {:sourceror, "~> 0.11", [hex: :sourceror, repo: "hexpm", optional: false]}], "hexpm", "131312d35d190739d0e0f1681acb9fce6962d3f81439011a3331bad2976ca372"},
  "swoosh": {:hex, :swoosh, "1.8.2", "af9a22ab2c0d20b266f61acca737fa11a121902de9466a39e91bacdce012101c", [:mix], [{:cowboy, "~> 1.1 or ~> 2.4", [hex: :cowboy, repo: "hexpm", optional: true]}, {:ex_aws, "~> 2.1", [hex: :ex_aws, repo: "hexpm", optional: true]}, {:finch, "~> 0.6", [hex: :finch, repo: "hexpm", optional: true]}, {:gen_smtp, "~> 0.13 or ~> 1.0", [hex: :gen_smtp, repo: "hexpm", optional: true]}, {:hackney, "~> 1.9", [hex: :hackney, repo: "hexpm", optional: true]}, {:jason, "~> 1.0", [hex: :jason, repo: "hexpm", optional: false]}, {:mail, "~> 0.2", [hex: :mail, repo: "hexpm", optional: true]}, {:mime, "~> 1.1 or ~> 2.0", [hex: :mime, repo: "hexpm", optional: false]}, {:plug_cowboy, ">= 1.0.0", [hex: :plug_cowboy, repo: "hexpm", optional: true]}, {:telemetry, "~> 0.4.2 or ~> 1.0", [hex: :telemetry, repo: "hexpm", optional: false]}], "hexpm", "d058ba750eafadb6c09a84a352c14c5d1eeeda6e84945fcc95785b7f3067b7db"},
  "telemetry": {:hex, :telemetry, "1.1.0", "a589817034a27eab11144ad24d5c0f9fab1f58173274b1e9bae7074af9cbee51", [:rebar3], [], "hexpm", "b727b2a1f75614774cff2d7565b64d0dfa5bd52ba517f16543e6fc7efcc0df48"},
  "telemetry_metrics": {:hex, :telemetry_metrics, "0.6.1", "315d9163a1d4660aedc3fee73f33f1d355dcc76c5c3ab3d59e76e3edf80eef1f", [:mix], [{:telemetry, "~> 0.4 or ~> 1.0", [hex: :telemetry, repo: "hexpm", optional: false]}], "hexpm", "7be9e0871c41732c233be71e4be11b96e56177bf15dde64a8ac9ce72ac9834c6"},
  "telemetry_poller": {:hex, :telemetry_poller, "1.0.0", "db91bb424e07f2bb6e73926fcafbfcbcb295f0193e0a00e825e589a0a47e8453", [:rebar3], [{:telemetry, "~> 1.0", [hex: :telemetry, repo: "hexpm", optional: false]}], "hexpm", "b3a24eafd66c3f42da30fc3ca7dda1e9d546c12250a2d60d7b81d264fbec4f6e"},
  "typable": {:hex, :typable, "0.3.0", "0431e121d124cd26f312123e313d2689b9a5322b15add65d424c07779eaa3ca1", [:mix], [], "hexpm", "880a0797752da1a4c508ac48f94711e04c86156f498065a83d160eef945858f8"},
  "xema": {:hex, :xema, "0.17.0", "982e397ce0af55cdf1c6bf9c5ee6e20c5ea4a24e58e5266339cfff0dadbfa01e", [:mix], [{:conv_case, "~> 0.2.2", [hex: :conv_case, repo: "hexpm", optional: false]}, {:decimal, "~> 1.0 or ~> 2.0", [hex: :decimal, repo: "hexpm", optional: true]}], "hexpm", "9020afc75c5b9fba1c5875fd735a19c3c544db058cd97ef4c4675e479fc8bcbe"},
}
